
Microsoft Visual Studio Solution File, Format Version 12.00
# Visual Studio Version 16
VisualStudioVersion = 16.0.30611.23
MinimumVisualStudioVersion = 10.0.40219.1
Project("{9A19103F-16F7-4668-BE54-9A1E7A4F7556}") = "Emotion Detection", "Emotion Detection\Emotion Detection.csproj", "{0FB04B66-45D0-4F49-9702-9996A624D885}"
EndProject
Global
	GlobalSection(SolutionConfigurationPlatforms) = preSolution
		Debug|Any CPU = Debug|Any CPU
		Debug|x64 = Debug|x64
		Release|Any CPU = Release|Any CPU
		Release|x64 = Release|x64
	EndGlobalSection
	GlobalSection(ProjectConfigurationPlatforms) = postSolution
		{0FB04B66-45D0-4F49-9702-9996A624D885}.Debug|Any CPU.ActiveCfg = Debug|Any CPU
		{0FB04B66-45D0-4F49-9702-9996A624D885}.Debug|Any CPU.Build.0 = Debug|Any CPU
		{0FB04B66-45D0-4F49-9702-9996A624D885}.Debug|x64.ActiveCfg = Debug|x64
		{0FB04B66-45D0-4F49-9702-9996A624D885}.Debug|x64.Build.0 = Debug|x64
		{0FB04B66-45D0-4F49-9702-9996A624D885}.Release|Any CPU.ActiveCfg = Release|Any CPU
		{0FB04B66-45D0-4F49-9702-9996A624D885}.Release|Any CPU.Build.0 = Release|Any CPU
		{0FB04B66-45D0-4F49-9702-9996A624D885}.Release|x64.ActiveCfg = Release|x64
		{0FB04B66-45D0-4F49-9702-9996A624D885}.Release|x64.Build.0 = Release|x64
	EndGlobalSection
	GlobalSection(SolutionProperties) = preSolution
		HideSolutionNode = FALSE
	EndGlobalSection
	GlobalSection(ExtensibilityGlobals) = postSolution
		SolutionGuid = {A56E35B3-421B-47EC-A5EA-8FFD6C853C18}
	EndGlobalSection
EndGlobal
